
Microsoft Visual Studio Solution File, Format Version 12.00
# Visual Studio Version 16
VisualStudioVersion = 16.0.30517.126
MinimumVisualStudioVersion = 10.0.40219.1
Project("{FAE04EC0-301F-11D3-BF4B-00C04F79EFBC}") = "AbstractClassDemo", "AbstractClassDemo\AbstractClassDemo.csproj", "{B8DC0F8E-64CB-4081-B677-D5A8898312E0}"
EndProject
Project("{FAE04EC0-301F-11D3-BF4B-00C04F79EFBC}") = "OperatorOverloadDemo", "OperatorOverloadDemo\OperatorOverloadDemo.csproj", "{F4C52363-4453-46C3-BC58-3A3480012F5A}"
EndProject
Project("{FAE04EC0-301F-11D3-BF4B-00C04F79EFBC}") = "DelegateAndEvents", "DelegateAndEvents\DelegateAndEvents.csproj", "{A2E127F5-66C1-418C-A5DD-7925246EDF9A}"
EndProject
Project("{FAE04EC0-301F-11D3-BF4B-00C04F79EFBC}") = "ExplicitInterfaceDemo", "InterfaceDemo2\ExplicitInterfaceDemo.csproj", "{BE201944-F87E-4019-A68B-662EC9DAF25E}"
EndProject
Project("{FAE04EC0-301F-11D3-BF4B-00C04F79EFBC}") = "InterfaceDemo", "InterfaceDemo\InterfaceDemo\InterfaceDemo.csproj", "{FCAA3296-981C-4496-8D44-1C201068732C}"
EndProject
Global
	GlobalSection(SolutionConfigurationPlatforms) = preSolution
		Debug|Any CPU = Debug|Any CPU
		Release|Any CPU = Release|Any CPU
	EndGlobalSection
	GlobalSection(ProjectConfigurationPlatforms) = postSolution
		{B8DC0F8E-64CB-4081-B677-D5A8898312E0}.Debug|Any CPU.ActiveCfg = Debug|Any CPU
		{B8DC0F8E-64CB-4081-B677-D5A8898312E0}.Debug|Any CPU.Build.0 = Debug|Any CPU
		{B8DC0F8E-64CB-4081-B677-D5A8898312E0}.Release|Any CPU.ActiveCfg = Release|Any CPU
		{B8DC0F8E-64CB-4081-B677-D5A8898312E0}.Release|Any CPU.Build.0 = Release|Any CPU
		{F4C52363-4453-46C3-BC58-3A3480012F5A}.Debug|Any CPU.ActiveCfg = Debug|Any CPU
		{F4C52363-4453-46C3-BC58-3A3480012F5A}.Debug|Any CPU.Build.0 = Debug|Any CPU
		{F4C52363-4453-46C3-BC58-3A3480012F5A}.Release|Any CPU.ActiveCfg = Release|Any CPU
		{F4C52363-4453-46C3-BC58-3A3480012F5A}.Release|Any CPU.Build.0 = Release|Any CPU
		{A2E127F5-66C1-418C-A5DD-7925246EDF9A}.Debug|Any CPU.ActiveCfg = Debug|Any CPU
		{A2E127F5-66C1-418C-A5DD-7925246EDF9A}.Debug|Any CPU.Build.0 = Debug|Any CPU
		{A2E127F5-66C1-418C-A5DD-7925246EDF9A}.Release|Any CPU.ActiveCfg = Release|Any CPU
		{A2E127F5-66C1-418C-A5DD-7925246EDF9A}.Release|Any CPU.Build.0 = Release|Any CPU
		{BE201944-F87E-4019-A68B-662EC9DAF25E}.Debug|Any CPU.ActiveCfg = Debug|Any CPU
		{BE201944-F87E-4019-A68B-662EC9DAF25E}.Debug|Any CPU.Build.0 = Debug|Any CPU
		{BE201944-F87E-4019-A68B-662EC9DAF25E}.Release|Any CPU.ActiveCfg = Release|Any CPU
		{BE201944-F87E-4019-A68B-662EC9DAF25E}.Release|Any CPU.Build.0 = Release|Any CPU
		{FCAA3296-981C-4496-8D44-1C201068732C}.Debug|Any CPU.ActiveCfg = Debug|Any CPU
		{FCAA3296-981C-4496-8D44-1C201068732C}.Debug|Any CPU.Build.0 = Debug|Any CPU
		{FCAA3296-981C-4496-8D44-1C201068732C}.Release|Any CPU.ActiveCfg = Release|Any CPU
		{FCAA3296-981C-4496-8D44-1C201068732C}.Release|Any CPU.Build.0 = Release|Any CPU
	EndGlobalSection
	GlobalSection(SolutionProperties) = preSolution
		HideSolutionNode = FALSE
	EndGlobalSection
	GlobalSection(ExtensibilityGlobals) = postSolution
		SolutionGuid = {1199BB4D-1A0E-4083-96C3-14CF1798A9AD}
	EndGlobalSection
EndGlobal
